# This file is automatically @generated by Poetry 1.7.1 and should not be changed by hand.

[[package]]
name = "importlib-resources"
version = "6.1.1"
description = "Read resources from Python packages"
optional = false
python-versions = ">=3.8"
files = [
    {file = "importlib_resources-6.1.1-py3-none-any.whl", hash = "sha256:e8bf90d8213b486f428c9c39714b920041cb02c184686a3dee24905aaa8105d6"},
    {file = "importlib_resources-6.1.1.tar.gz", hash = "sha256:3893a00122eafde6894c59914446a512f728a0c1a45f9bb9b63721b6bacf0b4a"},
]

[package.dependencies]
zipp = {version = ">=3.1.0", markers = "python_version < \"3.10\""}

[package.extras]
docs = ["furo", "jaraco.packaging (>=9.3)", "jaraco.tidelift (>=1.4)", "rst.linker (>=1.9)", "sphinx (<7.2.5)", "sphinx (>=3.5)", "sphinx-lint"]
testing = ["pytest (>=6)", "pytest-black (>=0.3.7)", "pytest-checkdocs (>=2.4)", "pytest-cov", "pytest-enabler (>=2.2)", "pytest-mypy (>=0.9.1)", "pytest-ruff", "zipp (>=3.17)"]

[[package]]
name = "z3-solver"
version = "4.12.4.0"
description = "an efficient SMT solver library"
optional = false
python-versions = "*"
files = [
    {file = "z3-solver-4.12.4.0.tar.gz", hash = "sha256:f692c87437be8d585ebca124355cd6488d60331289f6bbebbde65cd497205128"},
    {file = "z3_solver-4.12.4.0-py2.py3-none-macosx_11_0_arm64.whl", hash = "sha256:956daa69d3c7017f704c64d11c9ed880e06f177923e9af695a03034fc0e2e36d"},
    {file = "z3_solver-4.12.4.0-py2.py3-none-macosx_11_7_x86_64.whl", hash = "sha256:6ffffdb41d714b6683cd87d8cf7eaa0e94eb40a6d5eca3636cb90a95d4e6760e"},
    {file = "z3_solver-4.12.4.0-py2.py3-none-manylinux2014_x86_64.whl", hash = "sha256:03ce2639eced8a4d4bd432ebab15a6b1cb36119ba6a2854c01768ee2cd596c37"},
    {file = "z3_solver-4.12.4.0-py2.py3-none-win32.whl", hash = "sha256:50011e915e97c4d262a010ea0403081b2af71c8474b27c53185407beb30b6ac7"},
    {file = "z3_solver-4.12.4.0-py2.py3-none-win_amd64.whl", hash = "sha256:fbd7faea88bd32e6ba362913d1108d0bcb298df57154538a9bb2684757c35d0b"},
]

[[package]]
name = "zipp"
version = "3.17.0"
description = "Backport of pathlib-compatible object wrapper for zip files"
optional = false
python-versions = ">=3.8"
files = [
    {file = "zipp-3.17.0-py3-none-any.whl", hash = "sha256:0e923e726174922dce09c53c59ad483ff7bbb8e572e00c7f7c46b88556409f31"},
    {file = "zipp-3.17.0.tar.gz", hash = "sha256:84e64a1c28cf7e91ed2078bb8cc8c259cb19b76942096c8d7b84947690cabaf0"},
]

[package.extras]
docs = ["furo", "jaraco.packaging (>=9.3)", "jaraco.tidelift (>=1.4)", "rst.linker (>=1.9)", "sphinx (<7.2.5)", "sphinx (>=3.5)", "sphinx-lint"]
testing = ["big-O", "jaraco.functools", "jaraco.itertools", "more-itertools", "pytest (>=6)", "pytest-black (>=0.3.7)", "pytest-checkdocs (>=2.4)", "pytest-cov", "pytest-enabler (>=2.2)", "pytest-ignore-flaky", "pytest-mypy (>=0.9.1)", "pytest-ruff"]

[metadata]
lock-version = "2.0"
python-versions = "^3.8"
content-hash = "cd875c1bc06b57e42f05cc36d61580933f8addab1d4faf352b25c9204a1388ef"
